PODS:
  - PromiseKit/CoreLocation (6.2.5):
    - PromiseKit/CorePromise
  - PromiseKit/CorePromise (6.2.5)

DEPENDENCIES:
  - PromiseKit/CoreLocation

SPEC REPOS:
  https://github.com/CocoaPods/Specs.git:
    - PromiseKit

SPEC CHECKSUMS:
  PromiseKit: a26828b0a8d5874960dfdb575b57a70790ec36f1

PODFILE CHECKSUM: 8689f1f624a8e16cac90a5e86d1d1cde87e4a090

COCOAPODS: 1.5.0
